
Microsoft Visual Studio Solution File, Format Version 12.00
# Visual Studio Version 16
VisualStudioVersion = 25.0.1704.2
MinimumVisualStudioVersion = 10.0.40219.1
Project("{FAE04EC0-301F-11D3-BF4B-00C04F79EFBC}") = "MayvueTech", "MayvueTech\MayvueTech.csproj", "{11FC42AC-85E8-4824-8534-1AD9585DD6E8}"
EndProject
Global
	GlobalSection(SolutionConfigurationPlatforms) = preSolution
		Debug|Any CPU = Debug|Any CPU
		Release|Any CPU = Release|Any CPU
	EndGlobalSection
	GlobalSection(ProjectConfigurationPlatforms) = postSolution
		{11FC42AC-85E8-4824-8534-1AD9585DD6E8}.Debug|Any CPU.ActiveCfg = Debug|Any CPU
		{11FC42AC-85E8-4824-8534-1AD9585DD6E8}.Debug|Any CPU.Build.0 = Debug|Any CPU
		{11FC42AC-85E8-4824-8534-1AD9585DD6E8}.Release|Any CPU.ActiveCfg = Release|Any CPU
		{11FC42AC-85E8-4824-8534-1AD9585DD6E8}.Release|Any CPU.Build.0 = Release|Any CPU
	EndGlobalSection
	GlobalSection(SolutionProperties) = preSolution
		HideSolutionNode = FALSE
	EndGlobalSection
	GlobalSection(ExtensibilityGlobals) = postSolution
		SolutionGuid = {3527C978-8EEE-4E7D-B7C2-6792281D9165}
	EndGlobalSection
EndGlobal
